
Microsoft Visual Studio Solution File, Format Version 12.00
# Visual Studio Version 16
VisualStudioVersion = 16.0.31702.278
MinimumVisualStudioVersion = 10.0.40219.1
Project("{FAE04EC0-301F-11D3-BF4B-00C04F79EFBC}") = "K181169_Q4", "K181169_Q4\K181169_Q4.csproj", "{1EB391B0-C4F1-43C9-A863-B7E32A8415B7}"
EndProject
Global
	GlobalSection(SolutionConfigurationPlatforms) = preSolution
		Debug|Any CPU = Debug|Any CPU
		Release|Any CPU = Release|Any CPU
	EndGlobalSection
	GlobalSection(ProjectConfigurationPlatforms) = postSolution
		{1EB391B0-C4F1-43C9-A863-B7E32A8415B7}.Debug|Any CPU.ActiveCfg = Debug|Any CPU
		{1EB391B0-C4F1-43C9-A863-B7E32A8415B7}.Debug|Any CPU.Build.0 = Debug|Any CPU
		{1EB391B0-C4F1-43C9-A863-B7E32A8415B7}.Release|Any CPU.ActiveCfg = Release|Any CPU
		{1EB391B0-C4F1-43C9-A863-B7E32A8415B7}.Release|Any CPU.Build.0 = Release|Any CPU
	EndGlobalSection
	GlobalSection(SolutionProperties) = preSolution
		HideSolutionNode = FALSE
	EndGlobalSection
	GlobalSection(ExtensibilityGlobals) = postSolution
		SolutionGuid = {3122C5A7-E121-4F27-B7F8-6B57A2661D24}
	EndGlobalSection
EndGlobal
