
Microsoft Visual Studio Solution File, Format Version 12.00
# Visual Studio Version 16
VisualStudioVersion = 16.0.31702.278
MinimumVisualStudioVersion = 10.0.40219.1
Project("{FAE04EC0-301F-11D3-BF4B-00C04F79EFBC}") = "K181169_Q2", "K181169_Q2\K181169_Q2.csproj", "{9C5A529D-E45A-4208-9487-9D87179D038C}"
EndProject
Global
	GlobalSection(SolutionConfigurationPlatforms) = preSolution
		Debug|Any CPU = Debug|Any CPU
		Release|Any CPU = Release|Any CPU
	EndGlobalSection
	GlobalSection(ProjectConfigurationPlatforms) = postSolution
		{9C5A529D-E45A-4208-9487-9D87179D038C}.Debug|Any CPU.ActiveCfg = Debug|Any CPU
		{9C5A529D-E45A-4208-9487-9D87179D038C}.Debug|Any CPU.Build.0 = Debug|Any CPU
		{9C5A529D-E45A-4208-9487-9D87179D038C}.Release|Any CPU.ActiveCfg = Release|Any CPU
		{9C5A529D-E45A-4208-9487-9D87179D038C}.Release|Any CPU.Build.0 = Release|Any CPU
	EndGlobalSection
	GlobalSection(SolutionProperties) = preSolution
		HideSolutionNode = FALSE
	EndGlobalSection
	GlobalSection(ExtensibilityGlobals) = postSolution
		SolutionGuid = {ADAD88B0-4AB4-4220-85F6-D45F69ED1196}
	EndGlobalSection
EndGlobal
